
Microsoft Visual Studio Solution File, Format Version 12.00
# Visual Studio 15
VisualStudioVersion = 15.0.27428.2037
MinimumVisualStudioVersion = 10.0.40219.1
Project("{A07B5EB6-E848-4116-A8D0-A826331D98C6}") = "AzureServiceFabricTraining", "AzureServiceFabricTraining\AzureServiceFabricTraining.sfproj", "{84CB26AF-FEB1-45C0-83EA-496CBA9A0381}"
EndProject
Project("{9A19103F-16F7-4668-BE54-9A1E7A4F7556}") = "StatlessWeb", "StatlessWeb\StatlessWeb.csproj", "{4CB0075A-0240-494A-8939-80F2551F5CA2}"
EndProject
Project("{FAE04EC0-301F-11D3-BF4B-00C04F79EFBC}") = "StatefulData", "StatefulData\StatefulData.csproj", "{61B24690-CA70-45B2-A7D0-8DE0F1D3A9F1}"
EndProject
Global
	GlobalSection(SolutionConfigurationPlatforms) = preSolution
		Debug|Any CPU = Debug|Any CPU
		Debug|x64 = Debug|x64
		Release|Any CPU = Release|Any CPU
		Release|x64 = Release|x64
	EndGlobalSection
	GlobalSection(ProjectConfigurationPlatforms) = postSolution
		{84CB26AF-FEB1-45C0-83EA-496CBA9A0381}.Debug|Any CPU.ActiveCfg = Debug|x64
		{84CB26AF-FEB1-45C0-83EA-496CBA9A0381}.Debug|x64.ActiveCfg = Debug|x64
		{84CB26AF-FEB1-45C0-83EA-496CBA9A0381}.Debug|x64.Build.0 = Debug|x64
		{84CB26AF-FEB1-45C0-83EA-496CBA9A0381}.Debug|x64.Deploy.0 = Debug|x64
		{84CB26AF-FEB1-45C0-83EA-496CBA9A0381}.Release|Any CPU.ActiveCfg = Release|x64
		{84CB26AF-FEB1-45C0-83EA-496CBA9A0381}.Release|x64.ActiveCfg = Release|x64
		{84CB26AF-FEB1-45C0-83EA-496CBA9A0381}.Release|x64.Build.0 = Release|x64
		{84CB26AF-FEB1-45C0-83EA-496CBA9A0381}.Release|x64.Deploy.0 = Release|x64
		{4CB0075A-0240-494A-8939-80F2551F5CA2}.Debug|Any CPU.ActiveCfg = Debug|Any CPU
		{4CB0075A-0240-494A-8939-80F2551F5CA2}.Debug|Any CPU.Build.0 = Debug|Any CPU
		{4CB0075A-0240-494A-8939-80F2551F5CA2}.Debug|x64.ActiveCfg = Debug|Any CPU
		{4CB0075A-0240-494A-8939-80F2551F5CA2}.Debug|x64.Build.0 = Debug|Any CPU
		{4CB0075A-0240-494A-8939-80F2551F5CA2}.Release|Any CPU.ActiveCfg = Release|Any CPU
		{4CB0075A-0240-494A-8939-80F2551F5CA2}.Release|Any CPU.Build.0 = Release|Any CPU
		{4CB0075A-0240-494A-8939-80F2551F5CA2}.Release|x64.ActiveCfg = Release|Any CPU
		{4CB0075A-0240-494A-8939-80F2551F5CA2}.Release|x64.Build.0 = Release|Any CPU
		{61B24690-CA70-45B2-A7D0-8DE0F1D3A9F1}.Debug|Any CPU.ActiveCfg = Debug|Any CPU
		{61B24690-CA70-45B2-A7D0-8DE0F1D3A9F1}.Debug|Any CPU.Build.0 = Debug|Any CPU
		{61B24690-CA70-45B2-A7D0-8DE0F1D3A9F1}.Debug|x64.ActiveCfg = Debug|Any CPU
		{61B24690-CA70-45B2-A7D0-8DE0F1D3A9F1}.Debug|x64.Build.0 = Debug|Any CPU
		{61B24690-CA70-45B2-A7D0-8DE0F1D3A9F1}.Release|Any CPU.ActiveCfg = Release|Any CPU
		{61B24690-CA70-45B2-A7D0-8DE0F1D3A9F1}.Release|Any CPU.Build.0 = Release|Any CPU
		{61B24690-CA70-45B2-A7D0-8DE0F1D3A9F1}.Release|x64.ActiveCfg = Release|Any CPU
		{61B24690-CA70-45B2-A7D0-8DE0F1D3A9F1}.Release|x64.Build.0 = Release|Any CPU
	EndGlobalSection
	GlobalSection(SolutionProperties) = preSolution
		HideSolutionNode = FALSE
	EndGlobalSection
	GlobalSection(ExtensibilityGlobals) = postSolution
		SolutionGuid = {E9A8092C-61E3-4548-B9DE-BBB0484D27E0}
	EndGlobalSection
EndGlobal
